github.com/KyleBanks/depth v1.2.1 h1:bS7x+Et6VbYdSn36ssafL2i0w2OCo/CRCRkKbNGQkPA=
github.com/KyleBanks/depth v1.2.1/go.mod h1:xOPIm5/MKnBIe30h2Mv3sYCiS4qE1D23aZOPcWfGSoA=
github.com/beorn7/perks v1.0.1 h1:VlbKKnNfV8bJzeqCrbeMMLhLh2wHuch1tXAKu/dD/ZE=
github.com/beorn7/perks v1.0.1/go.mod h1:GoAzRXgOrS1hADU3oM9j+iWj4b296P3v224zB5s438s=
github.com/cespare/xxhash/v2 v2.2.0 h1:QWun+KyDQPk2eZILIZkzxKEH/o+QArzCOwLgBwPzS4c=
github.com/cespare/xxhash/v2 v2.2.0/go.mod h1:iKR+G4DRn98h+yOaOMbGGx54SAymMq5eOAlL0K9JbSY=
github.com/go-chi/chi/v5 v5.0.12 h1:8n41s1s2V22A+dd6g2+2pW8r2JgD5VnBC2+V2yY22p4=
github.com/go-chi/chi/v5 v5.0.12/go.mod h1:2IVN4K9f20xN2YZn582PAi9p22s2sY2aTrdG2BscgTM=
github.com/go-openapi/jsonpointer v0.21.0 h1:4Wv2N2xmMZk2r22Qc3bYde0IeJt2g2vj2UWAUb/a1vI=
github.com/go-openapi/jsonpointer v0.21.0/go.mod h1:LwzT2iYv5v2/y2vN0q2bERbBvYJb11k3LzTAdfBfAhA=
github.com/go-openapi/jsonreference v0.21.0 h1:sK2ss/zH2zL1S8dg2BNd2aPjY4ZAEQo2aQ2uN2w8K+A=
github.com/go-openapi/jsonreference v0.21.0/go.mod h1:oK+s0sI/u2Stv5aQzCwsK+sPPUQvEluYBCuS+z2vV2U=
github.com/go-openapi/spec v0.21.0 h1:uNq1YASAoH+PFg2x2q+fU5jqb2c0Qz4c/x+0UeDxn2I=
github.com/go-openapi/spec v0.21.0/go.mod h1:s/usx23f6T22iCcwckEdvjVvP3sPCl/s+uS2+l/zIuY=
github.com/go-openapi/swag v0.23.0 h1:s+u0u2YftgSBvVdYhJ282/j2yAfsf/r+bYV0i0A5c2s=
github.com/go-openapi/swag v0.23.0/go.mod h1:J/l0F7I02D4p/Iu2u//Q2ufd2r2nE9k7m2v/2Xg5y2A=
github.com/golang-jwt/jwt/v5 v5.2.1 h1:s/pQjS2kCAn5d5l2Qf1s4I0i2v2r5uYg24vjSg5Qc+k=
github.com/golang-jwt/jwt/v5 v5.2.1/go.mod h1:pRrFp/2T5Q+u8f2B2b87s5N3uwhpG5E8o+2Yj22aD94=
github.com/jackc/pgpassfile v1.0.0 h1:t0GfLw8o1LzBv+lTfGkK1k2k+31a232YCt1M20iPCp4=
github.com/jackc/pgpassfile v1.0.0/go.mod h1:L/v3q1OaHk1am5NO2yW3iJ+f0s1r+j22ETPAUjltbK4=
github.com/jackc/pgservicefile v0.0.0-20221227161230-091c0ba34f0a h1:tDRP+8CVYx2TEyB/3wTj0nIarvQZ3Tj41S25+e33J2Y=
github.com/jackc/pgservicefile v0.0.0-20221227161230-091c0ba34f0a/go.mod h1:OQjQj0iThsL5Qn+Zcv1LpWcdqB2s5Qv2q+v+cTjvk/U=
github.com/jackc/pgx/v5 v5.5.5 h1:jW+hOBfQk+u0hA3z3Hqj0k2lOqUvYDbPjS2grkQWpAE=
github.com/jackc/pgx/v5 v5.5.5/go.mod h1:yW+yFkHjSjXQcgnylrI0i2j+k/32t2i/tA/JvSHD2Y4=
github.com/jackc/puddle/v2 v2.2.1 h1:5tVutLGvIgpTWRZ67j2+2CEiQ+QGZ4e2n9Ie2+pX2wI=
github.com/jackc/puddle/v2 v2.2.1/go.mod h1:yKkQcZ+2sltxJmblXlXg1n2pPAfK2hZKOw1QfLg2LhQ=
github.com/joho/godotenv v1.5.1 h1:G/2H5LzYkI0IS9d94+g43cFd3Z+BvOQL0I2Wb2p+8ZE=
github.com/joho/godotenv v1.5.1/go.mod h1:Gj2HhT3nLhamBgaJp22mKj0nQe2Tj422T+1SBF203f0=
github.com/josharian/intern v1.0.0 h1:46HLPEOtm2GkI/3U37t2ffG3XU7pXhELif9D8U3Y5HY=
github.com/josharian/intern v1.0.0/go.mod h1:I1G1S3G1L23k9JgX4dTS03s2I0WBGv+e3w69D2Jsn1M=
github.com/mailru/easyjson v0.7.7 h1:I/13n2ylBTBc2ea6kIn2e2e3URy2bYAw4T25h2T/g3o=
github.com/mailru/easyjson v0.7.7/go.mod h1:i2Lg4Q4GPlc22/p5BCoW19s22hI0eGahpDCOmbBw+oU=
github.com/matttproud/golang_protobuf_extensions/v2 v2.0.0 h1:1sW5T4oI+DPx2vjrqyY2Xy/2+2k5M2aM3aV2s/vHnTw=
github.com/matttproud/golang_protobuf_extensions/v2 v2.0.0/go.mod h1:LzI3v0P2nr+hCjmxg0Iu+M22v2zI+f2N2j1saQXJqfA=
github.com/prometheus/client_golang v1.19.1 h1:5L2UUgIdnQyXg2s2nBCs2pvz4a2wB3s2fSj22x0nUoA=
github.com/prometheus/client_golang v1.19.1/go.mod h1:iSRzG2G6aD/zU2s2u6J/3e0lH5fQfDNK2e8tQ2+2gUo=
github.com/prometheus/client_model v0.5.0 h1:gLji3xKx33+2j2aLp22Ybgf22f2VAa2kAXs2myQ5sAk=
github.com/prometheus/client_model v0.5.0/go.mod h1:g/s6K6Y3o2mP3wBq5Oq2b2j3CKaJgGz2Gv2/pZf2+8g=
github.com/prometheus/common v0.48.0 h1:k8hIayxP3uI0Xwz2/bzmTvcNnS/a2a2S+Jb2r2y+l/c=
github.com/prometheus/common v0.48.0/go.mod h1:k+xZfP8l+r/2mO02v2e2g2y/2+2k5M2aM3aV2s/vHnTw=
github.com/prometheus/procfs v0.12.0 h1:s/2g8d/g2y/2+2k5M2aM3aV2s/vHnTw2g8d/g2y/2+2=
github.com/prometheus/procfs v0.12.0/go.mod h1:L/2H6VIp2G3jCr4bI2b1KCgoi2wY2vEnKNeIu2m2ElA=
github.com/swaggo/http-swagger v1.3.4 h1:x/4i5VfT28l2d2y/2+2k5M2aM3aV2s/vHnTw2g8d/g2=
github.com/swaggo/http-swagger v1.3.4/go.mod h1:G/2H6VIp2G3jCr4bI2b1KCgoi2wY2vEnKNeIu2m2ElA=
github.com/swaggo/swag v1.16.3 h1:s/2g8d/g2y/2+2k5M2aM3aV2s/vHnTw2g8d/g2y/2+2=
github.com/swaggo/swag v1.16.3/go.mod h1:L/2H6VIp2G3jCr4bI2b1KCgoi2wY2vEnKNeIu2m2ElA=
golang.org/x/crypto v0.22.0 h1:1/4t4SXr8w22y2NJV2bC2l22sclP1N2oE+o+i2yvV4c=
golang.org/x/crypto v0.22.0/go.mod h1:Mbe+lIm4iXyFfJj24I7p2V2I+Iag2/K1+sP/G3k2oAE=
golang.org/x/net v0.24.0 h1:s/2g8d/g2y/2+2k5M2aM3aV2s/vHnTw2g8d/g2y/2+2=
golang.org/x/net v0.24.0/go.mod h1:L/2H6VIp2G3jCr4bI2b1KCgoi2wY2vEnKNeIu2m2ElA=
golang.org/x/sync v0.1.0 h1:1dMS353vdvJ883a3B8yK2t23s/2+9gTM9s5eZJ2DOsA=
golang.org/x/sync v0.1.0/go.mod h1:RxMgewfAnx3fT3a62Ac57cADsN32aL3sPYIscv123A4=
golang.org/x/sys v0.19.0 h1:s/2g8d/g2y/2+2k5M2aM3aV2s/vHnTw2g8d/g2y/2+2=
golang.org/x/sys v0.19.0/go.mod h1:L/2H6VIp2G3jCr4bI2b1KCgoi2wY2vEnKNeIu2m2ElA=
golang.org/x/text v0.14.0 h1:ScX5w1eTa3QqG87FARg2uTR3lU93nkMA+c+o3S2j9zI=
golang.org/x/text v0.14.0/go.mod h1:NqM8EUOU14njkJ3fqMW+pc6Ldnwhi/e0vjTMw24a1rY=
golang.org/x/tools v0.20.0 h1:s/2g8d/g2y/2+2k5M2aM3aV2s/vHnTw2g8d/g2y/2+2=
golang.org/x/tools v0.20.0/go.mod h1:L/2H6VIp2G3jCr4bI2b1KCgoi2wY2vEnKNeIu2m2ElA=
google.golang.org/protobuf v1.33.0 h1:s/2g8d/g2y/2+2k5M2aM3aV2s/vHnTw2g8d/g2y/2+2=
google.golang.org/protobuf v1.33.0/go.mod h1:G/2H6VIp2G3jCr4bI2b1KCgoi2wY2vEnKNeIu2m2ElA=
gopkg.in/yaml.v3 v3.0.1 h1:s/2g8d/g2y/2+2k5M2aM3aV2s/vHnTw2g8d/g2y/2+2=
gopkg.in/yaml.v3 v3.0.1/go.mod h1:L/2H6VIp2G3jCr4bI2b1KCgoi2wY2vEnKNeIu2m2ElA=

